# THIS IS AN AUTOGENERATED FILE. DO NOT EDIT THIS FILE DIRECTLY.
# yarn lockfile v1


"@apollo/protobufjs@1.2.4":
  version "1.2.4"
  resolved "https://registry.yarnpkg.com/@apollo/protobufjs/-/protobufjs-1.2.4.tgz#d913e7627210ec5efd758ceeb751c776c68ba133"
  integrity sha512-npVJ9NVU/pynj+SCU+fambvTneJDyCnif738DnZ7pCxdDtzeEz7WkpSIq5wNUmWm5Td55N+S2xfqZ+WP4hDLng==
  dependencies:
    "@protobufjs/aspromise" "^1.1.2"
    "@protobufjs/base64" "^1.1.2"
    "@protobufjs/codegen" "^2.0.4"
    "@protobufjs/eventemitter" "^1.1.0"
    "@protobufjs/fetch" "^1.1.0"
    "@protobufjs/float" "^1.0.2"
    "@protobufjs/inquire" "^1.1.0"
    "@protobufjs/path" "^1.1.2"
    "@protobufjs/pool" "^1.1.0"
    "@protobufjs/utf8" "^1.1.0"
    "@types/long" "^4.0.0"
    "@types/node" "^10.1.0"
    long "^4.0.0"

"@apollo/protobufjs@1.2.6":
  version "1.2.6"
  resolved "https://registry.yarnpkg.com/@apollo/protobufjs/-/protobufjs-1.2.6.tgz#d601e65211e06ae1432bf5993a1a0105f2862f27"
  integrity sha512-Wqo1oSHNUj/jxmsVp4iR3I480p6qdqHikn38lKrFhfzcDJ7lwd7Ck7cHRl4JE81tWNArl77xhnG/OkZhxKBYOw==
  dependencies:
    "@protobufjs/aspromise" "^1.1.2"
    "@protobufjs/base64" "^1.1.2"
    "@protobufjs/codegen" "^2.0.4"
    "@protobufjs/eventemitter" "^1.1.0"
    "@protobufjs/fetch" "^1.1.0"
    "@protobufjs/float" "^1.0.2"
    "@protobufjs/inquire" "^1.1.0"
    "@protobufjs/path" "^1.1.2"
    "@protobufjs/pool" "^1.1.0"
    "@protobufjs/utf8" "^1.1.0"
    "@types/long" "^4.0.0"
    "@types/node" "^10.1.0"
    long "^4.0.0"

"@apollo/utils.dropunuseddefinitions@^1.1.0":
  version "1.1.0"
  resolved "https://registry.yarnpkg.com/@apollo/utils.dropunuseddefinitions/-/utils.dropunuseddefinitions-1.1.0.tgz#02b04006442eaf037f4c4624146b12775d70d929"
  integrity sha512-jU1XjMr6ec9pPoL+BFWzEPW7VHHulVdGKMkPAMiCigpVIT11VmCbnij0bWob8uS3ODJ65tZLYKAh/55vLw2rbg==

"@apollo/utils.keyvaluecache@^1.0.1":
  version "1.0.1"
  resolved "https://registry.yarnpkg.com/@apollo/utils.keyvaluecache/-/utils.keyvaluecache-1.0.1.tgz#46f310f859067efe9fa126156c6954f8381080d2"
  integrity sha512-nLgYLomqjVimEzQ4cdvVQkcryi970NDvcRVPfd0OPeXhBfda38WjBq+WhQFk+czSHrmrSp34YHBxpat0EtiowA==
  dependencies:
    "@apollo/utils.logger" "^1.0.0"
    lru-cache "^7.10.1"

"@apollo/utils.logger@^1.0.0":
  version "1.0.0"
  resolved "https://registry.yarnpkg.com/@apollo/utils.logger/-/utils.logger-1.0.0.tgz#6e3460a2250c2ef7c2c3b0be6b5e148a1596f12b"
  integrity sha512-dx9XrjyisD2pOa+KsB5RcDbWIAdgC91gJfeyLCgy0ctJMjQe7yZK5kdWaWlaOoCeX0z6YI9iYlg7vMPyMpQF3Q==

"@apollo/utils.printwithreducedwhitespace@^1.1.0":
  version "1.1.0"
  resolved "https://registry.yarnpkg.com/@apollo/utils.printwithreducedwhitespace/-/utils.printwithreducedwhitespace-1.1.0.tgz#c466299a4766eef8577a2a64c8f27712e8bd7e30"
  integrity sha512-GfFSkAv3n1toDZ4V6u2d7L4xMwLA+lv+6hqXicMN9KELSJ9yy9RzuEXaX73c/Ry+GzRsBy/fdSUGayGqdHfT2Q==

"@apollo/utils.removealiases@1.0.0":
  version "1.0.0"
  resolved "https://registry.yarnpkg.com/@apollo/utils.removealiases/-/utils.removealiases-1.0.0.tgz#75f6d83098af1fcae2d3beb4f515ad4a8452a8c1"
  integrity sha512-6cM8sEOJW2LaGjL/0vHV0GtRaSekrPQR4DiywaApQlL9EdROASZU5PsQibe2MWeZCOhNrPRuHh4wDMwPsWTn8A==

"@apollo/utils.sortast@^1.1.0":
  version "1.1.0"
  resolved "https://registry.yarnpkg.com/@apollo/utils.sortast/-/utils.sortast-1.1.0.tgz#93218c7008daf3e2a0725196085a33f5aab5ad07"
  integrity sha512-VPlTsmUnOwzPK5yGZENN069y6uUHgeiSlpEhRnLFYwYNoJHsuJq2vXVwIaSmts015WTPa2fpz1inkLYByeuRQA==
  dependencies:
    lodash.sortby "^4.7.0"

"@apollo/utils.stripsensitiveliterals@^1.2.0":
  version "1.2.0"
  resolved "https://registry.yarnpkg.com/@apollo/utils.stripsensitiveliterals/-/utils.stripsensitiveliterals-1.2.0.tgz#4920651f36beee8e260e12031a0c5863ad0c7b28"
  integrity sha512-E41rDUzkz/cdikM5147d8nfCFVKovXxKBcjvLEQ7bjZm/cg9zEcXvS6vFY8ugTubI3fn6zoqo0CyU8zT+BGP9w==

"@apollo/utils.usagereporting@^1.0.0":
  version "1.0.0"
  resolved "https://registry.yarnpkg.com/@apollo/utils.usagereporting/-/utils.usagereporting-1.0.0.tgz#b81df180f4ca78b91a22cb49105174a7f070db1e"
  integrity sha512-5PL7hJMkTPmdo3oxPtigRrIyPxDk/ddrUryHPDaezL1lSFExpNzsDd2f1j0XJoHOg350GRd3LyD64caLA2PU1w==
  dependencies:
    "@apollo/utils.dropunuseddefinitions" "^1.1.0"
    "@apollo/utils.printwithreducedwhitespace" "^1.1.0"
    "@apollo/utils.removealiases" "1.0.0"
    "@apollo/utils.sortast" "^1.1.0"
    "@apollo/utils.stripsensitiveliterals" "^1.2.0"
    apollo-reporting-protobuf "^3.3.1"

"@apollographql/apollo-tools@^0.5.3":
  version "0.5.4"
  resolved "https://registry.yarnpkg.com/@apollographql/apollo-tools/-/apollo-tools-0.5.4.tgz#cb3998c6cf12e494b90c733f44dd9935e2d8196c"
  integrity sha512-shM3q7rUbNyXVVRkQJQseXv6bnYM3BUma/eZhwXR4xsuM+bqWnJKvW7SAfRjP7LuSCocrexa5AXhjjawNHrIlw==

"@apollographql/graphql-playground-html@1.6.29":
  version "1.6.29"
  resolved "https://registry.yarnpkg.com/@apollographql/graphql-playground-html/-/graphql-playground-html-1.6.29.tgz#a7a646614a255f62e10dcf64a7f68ead41dec453"
  integrity sha512-xCcXpoz52rI4ksJSdOCxeOCn2DLocxwHf9dVT/Q90Pte1LX+LY+91SFtJF3KXVHH8kEin+g1KKCQPKBjZJfWNA==
  dependencies:
    xss "^1.0.8"

"@graphql-tools/merge@8.3.1":
  version "8.3.1"
  resolved "https://registry.yarnpkg.com/@graphql-tools/merge/-/merge-8.3.1.tgz#06121942ad28982a14635dbc87b5d488a041d722"
  integrity sha512-BMm99mqdNZbEYeTPK3it9r9S6rsZsQKtlqJsSBknAclXq2pGEfOxjcIZi+kBSkHZKPKCRrYDd5vY0+rUmIHVLg==
  dependencies:
    "@graphql-tools/utils" "8.9.0"
    tslib "^2.4.0"

"@graphql-tools/merge@8.3.3":
  version "8.3.3"
  resolved "https://registry.yarnpkg.com/@graphql-tools/merge/-/merge-8.3.3.tgz#74dd4816c3fc7af38730fc59d1cba6e687d7fb2d"
  integrity sha512-EfULshN2s2s2mhBwbV9WpGnoehRLe7eIMdZrKfHhxlBWOvtNUd3KSCN0PUdAMd7lj1jXUW9KYdn624JrVn6qzg==
  dependencies:
    "@graphql-tools/utils" "8.10.0"
    tslib "^2.4.0"

"@graphql-tools/mock@^8.1.2":
  version "8.7.3"
  resolved "https://registry.yarnpkg.com/@graphql-tools/mock/-/mock-8.7.3.tgz#cf17c85b6f2c5434ade7533eb746e6daf230fc4f"
  integrity sha512-U9e3tZenFvSTf0TAaFgwqO84cGNEbgzWXvboqJPth873dMag8sOlLyOBZceVzAZP7ptwfLbhm3S0Qq4ffI7mCw==
  dependencies:
    "@graphql-tools/schema" "9.0.1"
    "@graphql-tools/utils" "8.10.0"
    fast-json-stable-stringify "^2.1.0"
    tslib "^2.4.0"

"@graphql-tools/schema@9.0.1":
  version "9.0.1"
  resolved "https://registry.yarnpkg.com/@graphql-tools/schema/-/schema-9.0.1.tgz#ba8629107c1f0b9ffad14c08c2a85961967682fd"
  integrity sha512-Y6apeiBmvXEz082IAuS/ainnEEQrzMECP1MRIV72eo2WPa6ZtLYPycvIbd56Z5uU2LKP4XcWRgK6WUbCyN16Rw==
  dependencies:
    "@graphql-tools/merge" "8.3.3"
    "@graphql-tools/utils" "8.10.0"
    tslib "^2.4.0"
    value-or-promise "1.0.11"

"@graphql-tools/schema@^8.0.0":
  version "8.5.1"
  resolved "https://registry.yarnpkg.com/@graphql-tools/schema/-/schema-8.5.1.tgz#c2f2ff1448380919a330312399c9471db2580b58"
  integrity sha512-0Esilsh0P/qYcB5DKQpiKeQs/jevzIadNTaT0jeWklPMwNbT7yMX4EqZany7mbeRRlSRwMzNzL5olyFdffHBZg==
  dependencies:
    "@graphql-tools/merge" "8.3.1"
    "@graphql-tools/utils" "8.9.0"
    tslib "^2.4.0"
    value-or-promise "1.0.11"

"@graphql-tools/utils@8.10.0":
  version "8.10.0"
  resolved "https://registry.yarnpkg.com/@graphql-tools/utils/-/utils-8.10.0.tgz#8e76db7487e19b60cf99fb90c2d6343b2105b331"
  integrity sha512-yI+V373FdXQbYfqdarehn9vRWDZZYuvyQ/xwiv5ez2BbobHrqsexF7qs56plLRaQ8ESYpVAjMQvJWe9s23O0Jg==
  dependencies:
    tslib "^2.4.0"

"@graphql-tools/utils@8.9.0":
  version "8.9.0"
  resolved "https://registry.yarnpkg.com/@graphql-tools/utils/-/utils-8.9.0.tgz#c6aa5f651c9c99e1aca55510af21b56ec296cdb7"
  integrity sha512-pjJIWH0XOVnYGXCqej8g/u/tsfV4LvLlj0eATKQu5zwnxd/TiTHq7Cg313qUPTFFHZ3PP5wJ15chYVtLDwaymg==
  dependencies:
    tslib "^2.4.0"

"@hapi/accept@^5.0.2":
  version "5.0.2"
  resolved "https://registry.yarnpkg.com/@hapi/accept/-/accept-5.0.2.tgz#ab7043b037e68b722f93f376afb05e85c0699523"
  integrity sha512-CmzBx/bXUR8451fnZRuZAJRlzgm0Jgu5dltTX/bszmR2lheb9BpyN47Q1RbaGTsvFzn0PXAEs+lXDKfshccYZw==
  dependencies:
    "@hapi/boom" "9.x.x"
    "@hapi/hoek" "9.x.x"

"@hapi/boom@9.x.x":
  version "9.1.4"
  resolved "https://registry.yarnpkg.com/@hapi/boom/-/boom-9.1.4.tgz#1f9dad367c6a7da9f8def24b4a986fc5a7bd9db6"
  integrity sha512-Ls1oH8jaN1vNsqcaHVYJrKmgMcKsC1wcp8bujvXrHaAqD2iDYq3HoOwsxwo09Cuda5R5nC0o0IxlrlTuvPuzSw==
  dependencies:
    "@hapi/hoek" "9.x.x"

"@hapi/hoek@9.x.x":
  version "9.3.0"
  resolved "https://registry.yarnpkg.com/@hapi/hoek/-/hoek-9.3.0.tgz#8368869dcb735be2e7f5cb7647de78e167a251fb"
  integrity sha512-/c6rf4UJlmHlC9b5BaNvzAcFv7HZ2QHaV0D4/HNlBdvFnvQq8RI4kYdhyPCl7Xj+oWvTWQ8ujhqS53LIgAe6KQ==

"@josephg/resolvable@^1.0.0":
  version "1.0.1"
  resolved "https://registry.yarnpkg.com/@josephg/resolvable/-/resolvable-1.0.1.tgz#69bc4db754d79e1a2f17a650d3466e038d94a5eb"
  integrity sha512-CtzORUwWTTOTqfVtHaKRJ0I1kNQd1bpn3sUh8I3nJDVY+5/M/Oe1DnEWzPQvqq/xPIIkzzzIP7mfCoAjFRvDhg==

"@next/env@12.1.0":
  version "12.1.0"
  resolved "https://registry.yarnpkg.com/@next/env/-/env-12.1.0.tgz#73713399399b34aa5a01771fb73272b55b22c314"
  integrity sha512-nrIgY6t17FQ9xxwH3jj0a6EOiQ/WDHUos35Hghtr+SWN/ntHIQ7UpuvSi0vaLzZVHQWaDupKI+liO5vANcDeTQ==

"@next/swc-android-arm64@12.1.0":
  version "12.1.0"
  resolved "https://registry.yarnpkg.com/@next/swc-android-arm64/-/swc-android-arm64-12.1.0.tgz#865ba3a9afc204ff2bdeea49dd64d58705007a39"
  integrity sha512-/280MLdZe0W03stA69iL+v6I+J1ascrQ6FrXBlXGCsGzrfMaGr7fskMa0T5AhQIVQD4nA/46QQWxG//DYuFBcA==

"@next/swc-darwin-arm64@12.1.0":
  version "12.1.0"
  resolved "https://registry.yarnpkg.com/@next/swc-darwin-arm64/-/swc-darwin-arm64-12.1.0.tgz#08e8b411b8accd095009ed12efbc2f1d4d547135"
  integrity sha512-R8vcXE2/iONJ1Unf5Ptqjk6LRW3bggH+8drNkkzH4FLEQkHtELhvcmJwkXcuipyQCsIakldAXhRbZmm3YN1vXg==

"@next/swc-darwin-x64@12.1.0":
  version "12.1.0"
  resolved "https://registry.yarnpkg.com/@next/swc-darwin-x64/-/swc-darwin-x64-12.1.0.tgz#fcd684497a76e8feaca88db3c394480ff0b007cd"
  integrity sha512-ieAz0/J0PhmbZBB8+EA/JGdhRHBogF8BWaeqR7hwveb6SYEIJaDNQy0I+ZN8gF8hLj63bEDxJAs/cEhdnTq+ug==

"@next/swc-linux-arm-gnueabihf@12.1.0":
  version "12.1.0"
  resolved "https://registry.yarnpkg.com/@next/swc-linux-arm-gnueabihf/-/swc-linux-arm-gnueabihf-12.1.0.tgz#9ec6380a27938a5799aaa6035c205b3c478468a7"
  integrity sha512-njUd9hpl6o6A5d08dC0cKAgXKCzm5fFtgGe6i0eko8IAdtAPbtHxtpre3VeSxdZvuGFh+hb0REySQP9T1ttkog==

"@next/swc-linux-arm64-gnu@12.1.0":
  version "12.1.0"
  resolved "https://registry.yarnpkg.com/@next/swc-linux-arm64-gnu/-/swc-linux-arm64-gnu-12.1.0.tgz#7f4196dff1049cea479607c75b81033ae2dbd093"
  integrity sha512-OqangJLkRxVxMhDtcb7Qn1xjzFA3s50EIxY7mljbSCLybU+sByPaWAHY4px97ieOlr2y4S0xdPKkQ3BCAwyo6Q==

"@next/swc-linux-arm64-musl@12.1.0":
  version "12.1.0"
  resolved "https://registry.yarnpkg.com/@next/swc-linux-arm64-musl/-/swc-linux-arm64-musl-12.1.0.tgz#b445f767569cdc2dddee785ca495e1a88c025566"
  integrity sha512-hB8cLSt4GdmOpcwRe2UzI5UWn6HHO/vLkr5OTuNvCJ5xGDwpPXelVkYW/0+C3g5axbDW2Tym4S+MQCkkH9QfWA==

"@next/swc-linux-x64-gnu@12.1.0":
  version "12.1.0"
  resolved "https://registry.yarnpkg.com/@next/swc-linux-x64-gnu/-/swc-linux-x64-gnu-12.1.0.tgz#67610e9be4fbc987de7535f1bcb17e45fe12f90e"
  integrity sha512-OKO4R/digvrVuweSw/uBM4nSdyzsBV5EwkUeeG4KVpkIZEe64ZwRpnFB65bC6hGwxIBnTv5NMSnJ+0K/WmG78A==

"@next/swc-linux-x64-musl@12.1.0":
  version "12.1.0"
  resolved "https://registry.yarnpkg.com/@next/swc-linux-x64-musl/-/swc-linux-x64-musl-12.1.0.tgz#ea19a23db08a9f2e34ac30401f774cf7d1669d31"
  integrity sha512-JohhgAHZvOD3rQY7tlp7NlmvtvYHBYgY0x5ZCecUT6eCCcl9lv6iV3nfu82ErkxNk1H893fqH0FUpznZ/H3pSw==

"@next/swc-win32-arm64-msvc@12.1.0":
  version "12.1.0"
  resolved "https://registry.yarnpkg.com/@next/swc-win32-arm64-msvc/-/swc-win32-arm64-msvc-12.1.0.tgz#eadf054fc412085659b98e145435bbba200b5283"
  integrity sha512-T/3gIE6QEfKIJ4dmJk75v9hhNiYZhQYAoYm4iVo1TgcsuaKLFa+zMPh4056AHiG6n9tn2UQ1CFE8EoybEsqsSw==

"@next/swc-win32-ia32-msvc@12.1.0":
  version "12.1.0"
  resolved "https://registry.yarnpkg.com/@next/swc-win32-ia32-msvc/-/swc-win32-ia32-msvc-12.1.0.tgz#68faeae10c89f698bf9d28759172b74c9c21bda1"
  integrity sha512-iwnKgHJdqhIW19H9PRPM9j55V6RdcOo6rX+5imx832BCWzkDbyomWnlzBfr6ByUYfhohb8QuH4hSGEikpPqI0Q==

"@next/swc-win32-x64-msvc@12.1.0":
  version "12.1.0"
  resolved "https://registry.yarnpkg.com/@next/swc-win32-x64-msvc/-/swc-win32-x64-msvc-12.1.0.tgz#d27e7e76c87a460a4da99c5bfdb1618dcd6cd064"
  integrity sha512-aBvcbMwuanDH4EMrL2TthNJy+4nP59Bimn8egqv6GHMVj0a44cU6Au4PjOhLNqEh9l+IpRGBqMTzec94UdC5xg==

"@protobufjs/aspromise@^1.1.1", "@protobufjs/aspromise@^1.1.2":
  version "1.1.2"
  resolved "https://registry.yarnpkg.com/@protobufjs/aspromise/-/aspromise-1.1.2.tgz#9b8b0cc663d669a7d8f6f5d0893a14d348f30fbf"
  integrity sha1-m4sMxmPWaafY9vXQiToU00jzD78=

"@protobufjs/base64@^1.1.2":
  version "1.1.2"
  resolved "https://registry.yarnpkg.com/@protobufjs/base64/-/base64-1.1.2.tgz#4c85730e59b9a1f1f349047dbf24296034bb2735"
  integrity sha512-AZkcAA5vnN/v4PDqKyMR5lx7hZttPDgClv83E//FMNhR2TMcLUhfRUBHCmSl0oi9zMgDDqRUJkSxO3wm85+XLg==

"@protobufjs/codegen@^2.0.4":
  version "2.0.4"
  resolved "https://registry.yarnpkg.com/@protobufjs/codegen/-/codegen-2.0.4.tgz#7ef37f0d010fb028ad1ad59722e506d9262815cb"
  integrity sha512-YyFaikqM5sH0ziFZCN3xDC7zeGaB/d0IUb9CATugHWbd1FRFwWwt4ld4OYMPWu5a3Xe01mGAULCdqhMlPl29Jg==

"@protobufjs/eventemitter@^1.1.0":
  version "1.1.0"
  resolved "https://registry.yarnpkg.com/@protobufjs/eventemitter/-/eventemitter-1.1.0.tgz#355cbc98bafad5978f9ed095f397621f1d066b70"
  integrity sha1-NVy8mLr61ZePntCV85diHx0Ga3A=

"@protobufjs/fetch@^1.1.0":
  version "1.1.0"
  resolved "https://registry.yarnpkg.com/@protobufjs/fetch/-/fetch-1.1.0.tgz#ba99fb598614af65700c1619ff06d454b0d84c45"
  integrity sha1-upn7WYYUr2VwDBYZ/wbUVLDYTEU=
  dependencies:
    "@protobufjs/aspromise" "^1.1.1"
    "@protobufjs/inquire" "^1.1.0"

"@protobufjs/float@^1.0.2":
  version "1.0.2"
  resolved "https://registry.yarnpkg.com/@protobufjs/float/-/float-1.0.2.tgz#5e9e1abdcb73fc0a7cb8b291df78c8cbd97b87d1"
  integrity sha1-Xp4avctz/Ap8uLKR33jIy9l7h9E=

"@protobufjs/inquire@^1.1.0":
  version "1.1.0"
  resolved "https://registry.yarnpkg.com/@protobufjs/inquire/-/inquire-1.1.0.tgz#ff200e3e7cf2429e2dcafc1140828e8cc638f089"
  integrity sha1-/yAOPnzyQp4tyvwRQIKOjMY48Ik=

"@protobufjs/path@^1.1.2":
  version "1.1.2"
  resolved "https://registry.yarnpkg.com/@protobufjs/path/-/path-1.1.2.tgz#6cc2b20c5c9ad6ad0dccfd21ca7673d8d7fbf68d"
  integrity sha1-bMKyDFya1q0NzP0hynZz2Nf79o0=

"@protobufjs/pool@^1.1.0":
  version "1.1.0"
  resolved "https://registry.yarnpkg.com/@protobufjs/pool/-/pool-1.1.0.tgz#09fd15f2d6d3abfa9b65bc366506d6ad7846ff54"
  integrity sha1-Cf0V8tbTq/qbZbw2ZQbWrXhG/1Q=

"@protobufjs/utf8@^1.1.0":
  version "1.1.0"
  resolved "https://registry.yarnpkg.com/@protobufjs/utf8/-/utf8-1.1.0.tgz#a777360b5b39a1a2e5106f8e858f2fd2d060c570"
  integrity sha1-p3c2C1s5oaLlEG+OhY8v0tBgxXA=

"@types/long@^4.0.0":
  version "4.0.1"
  resolved "https://registry.yarnpkg.com/@types/long/-/long-4.0.1.tgz#459c65fa1867dafe6a8f322c4c51695663cc55e9"
  integrity sha512-5tXH6Bx/kNGd3MgffdmP4dy2Z+G4eaXw0SE81Tq3BNadtnMR5/ySMzX4SLEzHJzSmPNn4HIdpQsBvXMUykr58w==

"@types/node@^10.1.0":
  version "10.17.60"
  resolved "https://registry.yarnpkg.com/@types/node/-/node-10.17.60.tgz#35f3d6213daed95da7f0f73e75bcc6980e90597b"
  integrity sha512-F0KIgDJfy2nA3zMLmWGKxcH2ZVEtCZXHHdOQs2gSaQ27+lNeEfGxzkIw90aXswATX7AZ33tahPbzy6KAfUreVw==

apollo-datasource@^3.3.2:
  version "3.3.2"
  resolved "https://registry.yarnpkg.com/apollo-datasource/-/apollo-datasource-3.3.2.tgz#5711f8b38d4b7b53fb788cb4dbd4a6a526ea74c8"
  integrity sha512-L5TiS8E2Hn/Yz7SSnWIVbZw0ZfEIXZCa5VUiVxD9P53JvSrf4aStvsFDlGWPvpIdCR+aly2CfoB79B9/JjKFqg==
  dependencies:
    "@apollo/utils.keyvaluecache" "^1.0.1"
    apollo-server-env "^4.2.1"

apollo-reporting-protobuf@^3.3.1, apollo-reporting-protobuf@^3.3.2:
  version "3.3.2"
  resolved "https://registry.yarnpkg.com/apollo-reporting-protobuf/-/apollo-reporting-protobuf-3.3.2.tgz#2078c53d3140bc6221c6040c5326623e0c21c8d4"
  integrity sha512-j1tx9tmkVdsLt1UPzBrvz90PdjAeKW157WxGn+aXlnnGfVjZLIRXX3x5t1NWtXvB7rVaAsLLILLtDHW382TSoQ==
  dependencies:
    "@apollo/protobufjs" "1.2.4"

apollo-reporting-protobuf@^3.4.0:
  version "3.4.0"
  resolved "https://registry.yarnpkg.com/apollo-reporting-protobuf/-/apollo-reporting-protobuf-3.4.0.tgz#6edd31f09d4a3704d9e808d1db30eca2229ded26"
  integrity sha512-h0u3EbC/9RpihWOmcSsvTW2O6RXVaD/mPEjfrPkxRPTEPWqncsgOoRJw+wih4OqfH3PvTJvoEIf4LwKrUaqWog==
  dependencies:
    "@apollo/protobufjs" "1.2.6"

apollo-server-core@^3.10.1:
  version "3.12.0"
  resolved "https://registry.yarnpkg.com/apollo-server-core/-/apollo-server-core-3.12.0.tgz#8aa2a7329ce6fe1823290c45168c749db01548df"
  integrity sha512-hq7iH6Cgldgmnjs9FVSZeKWRpi0/ZR+iJ1arzeD2VXGxxgk1mAm/cz1Tx0TYgegZI+FvvrRl0UhKEx7sLnIxIg==
  dependencies:
    "@apollo/utils.keyvaluecache" "^1.0.1"
    "@apollo/utils.logger" "^1.0.0"
    "@apollo/utils.usagereporting" "^1.0.0"
    "@apollographql/apollo-tools" "^0.5.3"
    "@apollographql/graphql-playground-html" "1.6.29"
    "@graphql-tools/mock" "^8.1.2"
    "@graphql-tools/schema" "^8.0.0"
    "@josephg/resolvable" "^1.0.0"
    apollo-datasource "^3.3.2"
    apollo-reporting-protobuf "^3.4.0"
    apollo-server-env "^4.2.1"
    apollo-server-errors "^3.3.1"
    apollo-server-plugin-base "^3.7.2"
    apollo-server-types "^3.8.0"
    async-retry "^1.2.1"
    fast-json-stable-stringify "^2.1.0"
    graphql-tag "^2.11.0"
    loglevel "^1.6.8"
    lru-cache "^6.0.0"
    node-abort-controller "^3.0.1"
    sha.js "^2.4.11"
    uuid "^9.0.0"
    whatwg-mimetype "^3.0.0"

apollo-server-env@^4.2.1:
  version "4.2.1"
  resolved "https://registry.yarnpkg.com/apollo-server-env/-/apollo-server-env-4.2.1.tgz#ea5b1944accdbdba311f179e4dfaeca482c20185"
  integrity sha512-vm/7c7ld+zFMxibzqZ7SSa5tBENc4B0uye9LTfjJwGoQFY5xsUPH5FpO5j0bMUDZ8YYNbrF9SNtzc5Cngcr90g==
  dependencies:
    node-fetch "^2.6.7"

apollo-server-errors@^3.3.1:
  version "3.3.1"
  resolved "https://registry.yarnpkg.com/apollo-server-errors/-/apollo-server-errors-3.3.1.tgz#ba5c00cdaa33d4cbd09779f8cb6f47475d1cd655"
  integrity sha512-xnZJ5QWs6FixHICXHxUfm+ZWqqxrNuPlQ+kj5m6RtEgIpekOPssH/SD9gf2B4HuWV0QozorrygwZnux8POvyPA==

apollo-server-micro@3.10.1:
  version "3.10.1"
  resolved "https://registry.yarnpkg.com/apollo-server-micro/-/apollo-server-micro-3.10.1.tgz#b58f13f95f2f864bb11705fc3227d120bbf8ddd8"
  integrity sha512-0+UP6AHouFh1YxAuCZiO4MbMb55OufRIv/HNAKnwcBgn2vCXVcb/ai2vuv06dxnxbvKcJwKYHsJn3ePgMShJGg==
  dependencies:
    "@hapi/accept" "^5.0.2"
    apollo-server-core "^3.10.1"
    apollo-server-types "^3.6.2"
    type-is "^1.6.18"

apollo-server-plugin-base@^3.7.2:
  version "3.7.2"
  resolved "https://registry.yarnpkg.com/apollo-server-plugin-base/-/apollo-server-plugin-base-3.7.2.tgz#c19cd137bc4c993ba2490ba2b571b0f3ce60a0cd"
  integrity sha512-wE8dwGDvBOGehSsPTRZ8P/33Jan6/PmL0y0aN/1Z5a5GcbFhDaaJCjK5cav6npbbGL2DPKK0r6MPXi3k3N45aw==
  dependencies:
    apollo-server-types "^3.8.0"

apollo-server-types@^3.6.2:
  version "3.6.2"
  resolved "https://registry.yarnpkg.com/apollo-server-types/-/apollo-server-types-3.6.2.tgz#34bb0c335fcce3057cbdf72b3b63da182de6fc84"
  integrity sha512-9Z54S7NB+qW1VV+kmiqwU2Q6jxWfX89HlSGCGOo3zrkrperh85LrzABgN9S92+qyeHYd72noMDg2aI039sF3dg==
  dependencies:
    "@apollo/utils.keyvaluecache" "^1.0.1"
    "@apollo/utils.logger" "^1.0.0"
    apollo-reporting-protobuf "^3.3.2"
    apollo-server-env "^4.2.1"

apollo-server-types@^3.8.0:
  version "3.8.0"
  resolved "https://registry.yarnpkg.com/apollo-server-types/-/apollo-server-types-3.8.0.tgz#d976b6967878681f715fe2b9e4dad9ba86b1346f"
  integrity sha512-ZI/8rTE4ww8BHktsVpb91Sdq7Cb71rdSkXELSwdSR0eXu600/sY+1UXhTWdiJvk+Eq5ljqoHLwLbY2+Clq2b9A==
  dependencies:
    "@apollo/utils.keyvaluecache" "^1.0.1"
    "@apollo/utils.logger" "^1.0.0"
    apollo-reporting-protobuf "^3.4.0"
    apollo-server-env "^4.2.1"

async-retry@^1.2.1:
  version "1.3.3"
  resolved "https://registry.yarnpkg.com/async-retry/-/async-retry-1.3.3.tgz#0e7f36c04d8478e7a58bdbed80cedf977785f280"
  integrity sha512-wfr/jstw9xNi/0teMHrRW7dsz3Lt5ARhYNZ2ewpadnhaIp5mbALhOAP+EAdsC7t4Z6wqsDVv9+W6gm1Dk9mEyw==
  dependencies:
    retry "0.13.1"

caniuse-lite@^1.0.30001283:
  version "1.0.30001312"
  resolved "https://registry.yarnpkg.com/caniuse-lite/-/caniuse-lite-1.0.30001312.tgz#e11eba4b87e24d22697dae05455d5aea28550d5f"
  integrity sha512-Wiz1Psk2MEK0pX3rUzWaunLTZzqS2JYZFzNKqAiJGiuxIjRPLgV6+VDPOg6lQOUxmDwhTlh198JsTTi8Hzw6aQ==

commander@^2.20.3:
  version "2.20.3"
  resolved "https://registry.yarnpkg.com/commander/-/commander-2.20.3.tgz#fd485e84c03eb4881c20722ba48035e8531aeb33"
  integrity sha512-GpVkmM8vF2vQUkj2LvZmD35JxeJOLCwJ9cUkugyk2nuhbv3+mJvpLYYt+0+USMxE+oj+ey/lJEnhZw75x/OMcQ==

cross-spawn@^7.0.3:
  version "7.0.3"
  resolved "https://registry.yarnpkg.com/cross-spawn/-/cross-spawn-7.0.3.tgz#f73a85b9d5d41d045551c177e2882d4ac85728a6"
  integrity sha512-iRDPJKUPVEND7dHPO8rkbOnPpyDygcDFtWjpeWNCgy8WP2rXcxXL8TskReQl6OrB2G7+UJrags1q15Fudc7G6w==
  dependencies:
    path-key "^3.1.0"
    shebang-command "^2.0.0"
    which "^2.0.1"

cssfilter@0.0.10:
  version "0.0.10"
  resolved "https://registry.yarnpkg.com/cssfilter/-/cssfilter-0.0.10.tgz#c6d2672632a2e5c83e013e6864a42ce8defd20ae"
  integrity sha1-xtJnJjKi5cg+AT5oZKQs6N79IK4=

dotenv-cli@6.0.0:
  version "6.0.0"
  resolved "https://registry.yarnpkg.com/dotenv-cli/-/dotenv-cli-6.0.0.tgz#8a30cbc59d0a8aaa166b2fee0a9a55e23a1223ab"
  integrity sha512-qXlCOi3UMDhCWFKe0yq5sg3X+pJAz+RQDiFN38AMSbUrnY3uZshSfDJUAge951OS7J9gwLZGfsBlWRSOYz/TRg==
  dependencies:
    cross-spawn "^7.0.3"
    dotenv "^16.0.0"
    dotenv-expand "^8.0.1"
    minimist "^1.2.5"

dotenv-expand@^8.0.1:
  version "8.0.1"
  resolved "https://registry.yarnpkg.com/dotenv-expand/-/dotenv-expand-8.0.1.tgz#332aa17c14b12e28e2e230f8d183eecc1c014fdc"
  integrity sha512-j/Ih7bIERDR5PzI89Zu8ayd3tXZ6E3dbY0ljQ9Db0K87qBO8zdLsi2dIvDHMWtjC3Yxb8XixOTHAtia0fDHRpg==

dotenv@16.0.1:
  version "16.0.1"
  resolved "https://registry.yarnpkg.com/dotenv/-/dotenv-16.0.1.tgz#8f8f9d94876c35dac989876a5d3a82a267fdce1d"
  integrity sha512-1K6hR6wtk2FviQ4kEiSjFiH5rpzEVi8WW0x96aztHVMhEspNpc4DVOUTEHtEva5VThQ8IaBX1Pe4gSzpVVUsKQ==

dotenv@^16.0.0:
  version "16.0.0"
  resolved "https://registry.yarnpkg.com/dotenv/-/dotenv-16.0.0.tgz#c619001253be89ebb638d027b609c75c26e47411"
  integrity sha512-qD9WU0MPM4SWLPJy/r2Be+2WgQj8plChsyrCNQzW/0WjvcJQiKQJ9mH3ZgB3fxbUUxgc/11ZJ0Fi5KiimWGz2Q==

fast-json-stable-stringify@^2.1.0:
  version "2.1.0"
  resolved "https://registry.yarnpkg.com/fast-json-stable-stringify/-/fast-json-stable-stringify-2.1.0.tgz#874bf69c6f404c2b5d99c481341399fd55892633"
  integrity sha512-lhd/wF+Lk98HZoTCtlVraHtfh5XYijIjalXck7saUtuanSDyLMxnHhSXEDJqHxD7msR8D0uCmqlkwjCV8xvwHw==

graphql-tag@^2.11.0:
  version "2.12.6"
  resolved "https://registry.yarnpkg.com/graphql-tag/-/graphql-tag-2.12.6.tgz#d441a569c1d2537ef10ca3d1633b48725329b5f1"
  integrity sha512-FdSNcu2QQcWnM2VNvSCCDCVS5PpPqpzgFT8+GXzqJuoDd0CBncxCY278u4mhRO7tMgo2JjgJA5aZ+nWSQ/Z+xg==
  dependencies:
    tslib "^2.1.0"

graphql@16.6.0:
  version "16.6.0"
  resolved "https://registry.yarnpkg.com/graphql/-/graphql-16.6.0.tgz#c2dcffa4649db149f6282af726c8c83f1c7c5fdb"
  integrity sha512-KPIBPDlW7NxrbT/eh4qPXz5FiFdL5UbaA0XUNz2Rp3Z3hqBSkbj0GVjwFDztsWVauZUWsbKHgMg++sk8UX0bkw==

inherits@^2.0.1:
  version "2.0.4"
  resolved "https://registry.yarnpkg.com/inherits/-/inherits-2.0.4.tgz#0fa2c64f932917c3433a0ded55363aae37416b7c"
  integrity sha512-k/vGaX4/Yla3WzyMCvTQOXYeIHvqOKtnqBduzTHpzpQZzAskKMhZ2K+EnBiSM9zGSoIFeMpXKxa4dYeZIQqewQ==

isexe@^2.0.0:
  version "2.0.0"
  resolved "https://registry.yarnpkg.com/isexe/-/isexe-2.0.0.tgz#e8fbf374dc556ff8947a10dcb0572d633f2cfa10"
  integrity sha1-6PvzdNxVb/iUehDcsFctYz8s+hA=

"js-tokens@^3.0.0 || ^4.0.0":
  version "4.0.0"
  resolved "https://registry.yarnpkg.com/js-tokens/-/js-tokens-4.0.0.tgz#19203fb59991df98e3a287050d4647cdeaf32499"
  integrity sha512-RdJUflcE3cUzKiMqQgsCu06FPu9UdIJO0beYbPhHN4k6apgJtifcoCtT9bcxOpYBtpD2kCM6Sbzg4CausW/PKQ==

kleur@^4.1.0:
  version "4.1.4"
  resolved "https://registry.yarnpkg.com/kleur/-/kleur-4.1.4.tgz#8c202987d7e577766d039a8cd461934c01cda04d"
  integrity sha512-8QADVssbrFjivHWQU7KkMgptGTl6WAcSdlbBPY4uNF+mWr6DGcKrvY2w4FQJoXch7+fKMjj0dRrL75vk3k23OA==

ley@0.7.1:
  version "0.7.1"
  resolved "https://registry.yarnpkg.com/ley/-/ley-0.7.1.tgz#dadb1690aab066713a67ebad2bed782d4b730ff6"
  integrity sha512-oVgyFF+i/Uzm5q6HYY5jT+ADHkv2Z1wh8LNt2dYLvWiKN5tsEjzWmWAk8gn1VVpwI8Drj+lLYIHio7A67zskUA==
  dependencies:
    kleur "^4.1.0"
    mk-dirs "^3.0.0"
    sade "^1.7.0"
    totalist "^2.0.0"

lodash.sortby@^4.7.0:
  version "4.7.0"
  resolved "https://registry.yarnpkg.com/lodash.sortby/-/lodash.sortby-4.7.0.tgz#edd14c824e2cc9c1e0b0a1b42bb5210516a42438"
  integrity sha1-7dFMgk4sycHgsKG0K7UhBRakJDg=

loglevel@^1.6.8:
  version "1.8.0"
  resolved "https://registry.yarnpkg.com/loglevel/-/loglevel-1.8.0.tgz#e7ec73a57e1e7b419cb6c6ac06bf050b67356114"
  integrity sha512-G6A/nJLRgWOuuwdNuA6koovfEV1YpqqAG4pRUlFaz3jj2QNZ8M4vBqnVA+HBTmU/AMNUtlOsMmSpF6NyOjztbA==

long@^4.0.0:
  version "4.0.0"
  resolved "https://registry.yarnpkg.com/long/-/long-4.0.0.tgz#9a7b71cfb7d361a194ea555241c92f7468d5bf28"
  integrity sha512-XsP+KhQif4bjX1kbuSiySJFNAehNxgLb6hPRGJ9QsUr8ajHkuXGdrHmFUTUUXhDwVX2R5bY4JNZEwbUiMhV+MA==

loose-envify@^1.1.0:
  version "1.4.0"
  resolved "https://registry.yarnpkg.com/loose-envify/-/loose-envify-1.4.0.tgz#71ee51fa7be4caec1a63839f7e682d8132d30caf"
  integrity sha512-lyuxPGr/Wfhrlem2CL/UcnUc1zcqKAImBDzukY7Y5F/yQiNdko6+fRLevlw1HgMySw7f611UIY408EtxRSoK3Q==
  dependencies:
    js-tokens "^3.0.0 || ^4.0.0"

lru-cache@^6.0.0:
  version "6.0.0"
  resolved "https://registry.yarnpkg.com/lru-cache/-/lru-cache-6.0.0.tgz#6d6fe6570ebd96aaf90fcad1dafa3b2566db3a94"
  integrity sha512-Jo6dJ04CmSjuznwJSS3pUeWmd/H0ffTlkXXgwZi+eq1UCmqQwCh+eLsYOYCwY991i2Fah4h1BEMCx4qThGbsiA==
  dependencies:
    yallist "^4.0.0"

lru-cache@^7.10.1:
  version "7.14.0"
  resolved "https://registry.yarnpkg.com/lru-cache/-/lru-cache-7.14.0.tgz#21be64954a4680e303a09e9468f880b98a0b3c7f"
  integrity sha512-EIRtP1GrSJny0dqb50QXRUNBxHJhcpxHC++M5tD7RYbvLLn5KVWKsbyswSSqDuU15UFi3bgTQIY8nhDMeF6aDQ==

media-typer@0.3.0:
  version "0.3.0"
  resolved "https://registry.yarnpkg.com/media-typer/-/media-typer-0.3.0.tgz#8710d7af0aa626f8fffa1ce00168545263255748"
  integrity sha512-dq+qelQ9akHpcOl/gUVRTxVIOkAJ1wR3QAvb4RsVjS8oVoFjDGTc679wJYmUmknUF5HwMLOgb5O+a3KxfWapPQ==

mime-db@1.52.0:
  version "1.52.0"
  resolved "https://registry.yarnpkg.com/mime-db/-/mime-db-1.52.0.tgz#bbabcdc02859f4987301c856e3387ce5ec43bf70"
  integrity sha512-sPU4uV7dYlvtWJxwwxHD0PuihVNiE7TyAbQ5SWxDCB9mUYvOgroQOwYQQOKPJ8CIbE+1ETVlOoK1UC2nU3gYvg==

mime-types@~2.1.24:
  version "2.1.35"
  resolved "https://registry.yarnpkg.com/mime-types/-/mime-types-2.1.35.tgz#381a871b62a734450660ae3deee44813f70d959a"
  integrity sha512-ZDY+bPm5zTTF+YpCrAU9nK0UgICYPT0QtT1NZWFv4s++TNkcgVaT0g6+4R2uI4MjQjzysHB1zxuWL50hzaeXiw==
  dependencies:
    mime-db "1.52.0"

minimist@^1.2.5:
  version "1.2.6"
  resolved "https://registry.yarnpkg.com/minimist/-/minimist-1.2.6.tgz#8637a5b759ea0d6e98702cfb3a9283323c93af44"
  integrity sha512-Jsjnk4bw3YJqYzbdyBiNsPWHPfO++UGG749Cxs6peCu5Xg4nrena6OVxOYxrQTqww0Jmwt+Ref8rggumkTLz9Q==

mk-dirs@^3.0.0:
  version "3.0.0"
  resolved "https://registry.yarnpkg.com/mk-dirs/-/mk-dirs-3.0.0.tgz#1a0296e04ae5c2e5063db4089907efbdff79b7c4"
  integrity sha512-FEZDdUFb88hgdnsfAPa4VxcPVOd+8GyZ2jsI965im5bjBlBYhrvXuTqLka/UHa6YdUNN/kZBsVgofhZ3322AJw==

mri@^1.1.0:
  version "1.2.0"
  resolved "https://registry.yarnpkg.com/mri/-/mri-1.2.0.tgz#6721480fec2a11a4889861115a48b6cbe7cc8f0b"
  integrity sha512-tzzskb3bG8LvYGFF/mDTpq3jpI6Q9wc3LEmBaghu+DdCssd1FakN7Bc0hVNmEyGq1bq3RgfkCb3cmQLpNPOroA==

nanoid@^3.1.30:
  version "3.3.1"
  resolved "https://registry.yarnpkg.com/nanoid/-/nanoid-3.3.1.tgz#6347a18cac88af88f58af0b3594b723d5e99bb35"
  integrity sha512-n6Vs/3KGyxPQd6uO0eH4Bv0ojGSUvuLlIHtC3Y0kEO23YRge8H9x1GCzLn28YX0H66pMkxuaeESFq4tKISKwdw==

next@latest:
  version "12.1.0"
  resolved "https://registry.yarnpkg.com/next/-/next-12.1.0.tgz#c33d753b644be92fc58e06e5a214f143da61dd5d"
  integrity sha512-s885kWvnIlxsUFHq9UGyIyLiuD0G3BUC/xrH0CEnH5lHEWkwQcHOORgbDF0hbrW9vr/7am4ETfX4A7M6DjrE7Q==
  dependencies:
    "@next/env" "12.1.0"
    caniuse-lite "^1.0.30001283"
    postcss "8.4.5"
    styled-jsx "5.0.0"
    use-subscription "1.5.1"
  optionalDependencies:
    "@next/swc-android-arm64" "12.1.0"
    "@next/swc-darwin-arm64" "12.1.0"
    "@next/swc-darwin-x64" "12.1.0"
    "@next/swc-linux-arm-gnueabihf" "12.1.0"
    "@next/swc-linux-arm64-gnu" "12.1.0"
    "@next/swc-linux-arm64-musl" "12.1.0"
    "@next/swc-linux-x64-gnu" "12.1.0"
    "@next/swc-linux-x64-musl" "12.1.0"
    "@next/swc-win32-arm64-msvc" "12.1.0"
    "@next/swc-win32-ia32-msvc" "12.1.0"
    "@next/swc-win32-x64-msvc" "12.1.0"

node-abort-controller@^3.0.1:
  version "3.1.1"
  resolved "https://registry.yarnpkg.com/node-abort-controller/-/node-abort-controller-3.1.1.tgz#a94377e964a9a37ac3976d848cb5c765833b8548"
  integrity sha512-AGK2yQKIjRuqnc6VkX2Xj5d+QW8xZ87pa1UK6yA6ouUyuxfHuMP6umE5QK7UmTeOAymo+Zx1Fxiuw9rVx8taHQ==

node-fetch@^2.6.7:
  version "2.6.7"
  resolved "https://registry.yarnpkg.com/node-fetch/-/node-fetch-2.6.7.tgz#24de9fba827e3b4ae44dc8b20256a379160052ad"
  integrity sha512-ZjMPFEfVx5j+y2yF35Kzx5sF7kDzxuDj6ziH4FFbOp87zKDZNx8yExJIb05OGF4Nlt9IHFIMBkRl41VdvcNdbQ==
  dependencies:
    whatwg-url "^5.0.0"

object-assign@^4.1.1:
  version "4.1.1"
  resolved "https://registry.yarnpkg.com/object-assign/-/object-assign-4.1.1.tgz#2109adc7965887cfc05cbbd442cac8bfbb360863"
  integrity sha1-IQmtx5ZYh8/AXLvUQsrIv7s2CGM=

path-key@^3.1.0:
  version "3.1.1"
  resolved "https://registry.yarnpkg.com/path-key/-/path-key-3.1.1.tgz#581f6ade658cbba65a0d3380de7753295054f375"
  integrity sha512-ojmeN0qd+y0jszEtoY48r0Peq5dwMEkIlCOu6Q5f41lfkswXuKtYrhgoTpLnyIcHm24Uhqx+5Tqm2InSwLhE6Q==

picocolors@^1.0.0:
  version "1.0.0"
  resolved "https://registry.yarnpkg.com/picocolors/-/picocolors-1.0.0.tgz#cb5bdc74ff3f51892236eaf79d68bc44564ab81c"
  integrity sha512-1fygroTLlHu66zi26VoTDv8yRgm0Fccecssto+MhsZ0D/DGW2sm8E8AjW7NU5VVTRt5GxbeZ5qBuJr+HyLYkjQ==

postcss@8.4.5:
  version "8.4.5"
  resolved "https://registry.yarnpkg.com/postcss/-/postcss-8.4.5.tgz#bae665764dfd4c6fcc24dc0fdf7e7aa00cc77f95"
  integrity sha512-jBDboWM8qpaqwkMwItqTQTiFikhs/67OYVvblFFTM7MrZjt6yMKd6r2kgXizEbTTljacm4NldIlZnhbjr84QYg==
  dependencies:
    nanoid "^3.1.30"
    picocolors "^1.0.0"
    source-map-js "^1.0.1"

postgres@3.2.4:
  version "3.2.4"
  resolved "https://registry.yarnpkg.com/postgres/-/postgres-3.2.4.tgz#3b0a0d69b572bb1736662f68e3bbad4d69fb553c"
  integrity sha512-iscysD+ZlM4A9zj0RS2zo3f4Us4yuov94Yx+p3dE1rEARaBHC8R3/gRq40KEnWp1lxjuFq9EjuAenIUsPaTaDA==

react-dom@18.3.1:
  version "18.3.1"
  resolved "https://registry.yarnpkg.com/react-dom/-/react-dom-18.3.1.tgz#c2265d79511b57d479b3dd3fdfa51536494c5cb4"
  integrity sha512-5m4nQKp+rZRb09LNH59GM4BxTh9251/ylbKIbpe7TpGxfJ+9kv6BLkLBXIjjspbgbnIBNqlI23tRnTWT0snUIw==
  dependencies:
    loose-envify "^1.1.0"
    scheduler "^0.23.2"

react@18.3.1:
  version "18.3.1"
  resolved "https://registry.yarnpkg.com/react/-/react-18.3.1.tgz#49ab892009c53933625bd16b2533fc754cab2891"
  integrity sha512-wS+hAgJShR0KhEvPJArfuPVN1+Hz1t0Y6n5jLrGQbkb4urgPE/0Rve+1kMB1v/oWgHgm4WIcV+i7F2pTVj+2iQ==
  dependencies:
    loose-envify "^1.1.0"

retry@0.13.1:
  version "0.13.1"
  resolved "https://registry.yarnpkg.com/retry/-/retry-0.13.1.tgz#185b1587acf67919d63b357349e03537b2484658"
  integrity sha512-XQBQ3I8W1Cge0Seh+6gjj03LbmRFWuoszgK9ooCpwYIrhhoO80pfq4cUkU5DkknwfOfFteRwlZ56PYOGYyFWdg==

sade@^1.7.0:
  version "1.8.1"
  resolved "https://registry.yarnpkg.com/sade/-/sade-1.8.1.tgz#0a78e81d658d394887be57d2a409bf703a3b2701"
  integrity sha512-xal3CZX1Xlo/k4ApwCFrHVACi9fBqJ7V+mwhBsuf/1IOKbBy098Fex+Wa/5QMubw09pSZ/u8EY8PWgevJsXp1A==
  dependencies:
    mri "^1.1.0"

safe-buffer@^5.0.1:
  version "5.2.1"
  resolved "https://registry.yarnpkg.com/safe-buffer/-/safe-buffer-5.2.1.tgz#1eaf9fa9bdb1fdd4ec75f58f9cdb4e6b7827eec6"
  integrity sha512-rp3So07KcdmmKbGvgaNxQSJr7bGVSVk5S9Eq1F+ppbRo70+YeaDxkw5Dd8NPN+GD6bjnYm2VuPuCXmpuYvmCXQ==

scheduler@^0.23.2:
  version "0.23.2"
  resolved "https://registry.yarnpkg.com/scheduler/-/scheduler-0.23.2.tgz#414ba64a3b282892e944cf2108ecc078d115cdc3"
  integrity sha512-UOShsPwz7NrMUqhR6t0hWjFduvOzbtv7toDH1/hIrfRNIDBnnBWd0CwJTGvTpngVlmwGCdP9/Zl/tVrDqcuYzQ==
  dependencies:
    loose-envify "^1.1.0"

sha.js@^2.4.11:
  version "2.4.11"
  resolved "https://registry.yarnpkg.com/sha.js/-/sha.js-2.4.11.tgz#37a5cf0b81ecbc6943de109ba2960d1b26584ae7"
  integrity sha512-QMEp5B7cftE7APOjk5Y6xgrbWu+WkLVQwk8JNjZ8nKRciZaByEW6MubieAiToS7+dwvrjGhH8jRXz3MVd0AYqQ==
  dependencies:
    inherits "^2.0.1"
    safe-buffer "^5.0.1"

shebang-command@^2.0.0:
  version "2.0.0"
  resolved "https://registry.yarnpkg.com/shebang-command/-/shebang-command-2.0.0.tgz#ccd0af4f8835fbdc265b82461aaf0c36663f34ea"
  integrity sha512-kHxr2zZpYtdmrN1qDjrrX/Z1rR1kG8Dx+gkpK1G4eXmvXswmcE1hTWBWYUzlraYw1/yZp6YuDY77YtvbN0dmDA==
  dependencies:
    shebang-regex "^3.0.0"

shebang-regex@^3.0.0:
  version "3.0.0"
  resolved "https://registry.yarnpkg.com/shebang-regex/-/shebang-regex-3.0.0.tgz#ae16f1644d873ecad843b0307b143362d4c42172"
  integrity sha512-7++dFhtcx3353uBaq8DDR4NuxBetBzC7ZQOhmTQInHEd6bSrXdiEyzCvG07Z44UYdLShWUyXt5M/yhz8ekcb1A==

source-map-js@^1.0.1:
  version "1.0.2"
  resolved "https://registry.yarnpkg.com/source-map-js/-/source-map-js-1.0.2.tgz#adbc361d9c62df380125e7f161f71c826f1e490c"
  integrity sha512-R0XvVJ9WusLiqTCEiGCmICCMplcCkIwwR11mOSD9CR5u+IXYdiseeEuXCVAjS54zqwkLcPNnmU4OeJ6tUrWhDw==

styled-jsx@5.0.0:
  version "5.0.0"
  resolved "https://registry.yarnpkg.com/styled-jsx/-/styled-jsx-5.0.0.tgz#816b4b92e07b1786c6b7111821750e0ba4d26e77"
  integrity sha512-qUqsWoBquEdERe10EW8vLp3jT25s/ssG1/qX5gZ4wu15OZpmSMFI2v+fWlRhLfykA5rFtlJ1ME8A8pm/peV4WA==

totalist@^2.0.0:
  version "2.0.0"
  resolved "https://registry.yarnpkg.com/totalist/-/totalist-2.0.0.tgz#db6f1e19c0fa63e71339bbb8fba89653c18c7eec"
  integrity sha512-+Y17F0YzxfACxTyjfhnJQEe7afPA0GSpYlFkl2VFMxYP7jshQf9gXV7cH47EfToBumFThfKBvfAcoUn6fdNeRQ==

tr46@~0.0.3:
  version "0.0.3"
  resolved "https://registry.yarnpkg.com/tr46/-/tr46-0.0.3.tgz#8184fd347dac9cdc185992f3a6622e14b9d9ab6a"
  integrity sha1-gYT9NH2snNwYWZLzpmIuFLnZq2o=

tslib@^2.1.0:
  version "2.3.1"
  resolved "https://registry.yarnpkg.com/tslib/-/tslib-2.3.1.tgz#e8a335add5ceae51aa261d32a490158ef042ef01"
  integrity sha512-77EbyPPpMz+FRFRuAFlWMtmgUWGe9UOG2Z25NqCwiIjRhOf5iKGuzSe5P2w1laq+FkRy4p+PCuVkJSGkzTEKVw==

tslib@^2.4.0:
  version "2.4.0"
  resolved "https://registry.yarnpkg.com/tslib/-/tslib-2.4.0.tgz#7cecaa7f073ce680a05847aa77be941098f36dc3"
  integrity sha512-d6xOpEDfsi2CZVlPQzGeux8XMwLT9hssAsaPYExaQMuYskwb+x1x7J371tWlbBdWHroy99KnVB6qIkUbs5X3UQ==

type-is@^1.6.18:
  version "1.6.18"
  resolved "https://registry.yarnpkg.com/type-is/-/type-is-1.6.18.tgz#4e552cd05df09467dcbc4ef739de89f2cf37c131"
  integrity sha512-TkRKr9sUTxEH8MdfuCSP7VizJyzRNMjj2J2do2Jr3Kym598JVdEksuzPQCnlFPW4ky9Q+iA+ma9BGm06XQBy8g==
  dependencies:
    media-typer "0.3.0"
    mime-types "~2.1.24"

use-subscription@1.5.1:
  version "1.5.1"
  resolved "https://registry.yarnpkg.com/use-subscription/-/use-subscription-1.5.1.tgz#73501107f02fad84c6dd57965beb0b75c68c42d1"
  integrity sha512-Xv2a1P/yReAjAbhylMfFplFKj9GssgTwN7RlcTxBujFQcloStWNDQdc4g4NRWH9xS4i/FDk04vQBptAXoF3VcA==
  dependencies:
    object-assign "^4.1.1"

uuid@^9.0.0:
  version "9.0.0"
  resolved "https://registry.yarnpkg.com/uuid/-/uuid-9.0.0.tgz#592f550650024a38ceb0c562f2f6aa435761efb5"
  integrity sha512-MXcSTerfPa4uqyzStbRoTgt5XIe3x5+42+q1sDuy3R5MDk66URdLMOZe5aPX/SQd+kuYAh0FdP/pO28IkQyTeg==

value-or-promise@1.0.11:
  version "1.0.11"
  resolved "https://registry.yarnpkg.com/value-or-promise/-/value-or-promise-1.0.11.tgz#3e90299af31dd014fe843fe309cefa7c1d94b140"
  integrity sha512-41BrgH+dIbCFXClcSapVs5M6GkENd3gQOJpEfPDNa71LsUGMXDL0jMWpI/Rh7WhX+Aalfz2TTS3Zt5pUsbnhLg==

webidl-conversions@^3.0.0:
  version "3.0.1"
  resolved "https://registry.yarnpkg.com/webidl-conversions/-/webidl-conversions-3.0.1.tgz#24534275e2a7bc6be7bc86611cc16ae0a5654871"
  integrity sha1-JFNCdeKnvGvnvIZhHMFq4KVlSHE=

whatwg-mimetype@^3.0.0:
  version "3.0.0"
  resolved "https://registry.yarnpkg.com/whatwg-mimetype/-/whatwg-mimetype-3.0.0.tgz#5fa1a7623867ff1af6ca3dc72ad6b8a4208beba7"
  integrity sha512-nt+N2dzIutVRxARx1nghPKGv1xHikU7HKdfafKkLNLindmPU/ch3U31NOCGGA/dmPcmb1VlofO0vnKAcsm0o/Q==

whatwg-url@^5.0.0:
  version "5.0.0"
  resolved "https://registry.yarnpkg.com/whatwg-url/-/whatwg-url-5.0.0.tgz#966454e8765462e37644d3626f6742ce8b70965d"
  integrity sha1-lmRU6HZUYuN2RNNib2dCzotwll0=
  dependencies:
    tr46 "~0.0.3"
    webidl-conversions "^3.0.0"

which@^2.0.1:
  version "2.0.2"
  resolved "https://registry.yarnpkg.com/which/-/which-2.0.2.tgz#7c6a8dd0a636a0327e10b59c9286eee93f3f51b1"
  integrity sha512-BLI3Tl1TW3Pvl70l3yq3Y64i+awpwXqsGBYWkkqMtnbXgrMD+yj7rhW0kuEDxzJaYXGjEW5ogapKNMEKNMjibA==
  dependencies:
    isexe "^2.0.0"

xss@^1.0.8:
  version "1.0.10"
  resolved "https://registry.yarnpkg.com/xss/-/xss-1.0.10.tgz#5cd63a9b147a755a14cb0455c7db8866120eb4d2"
  integrity sha512-qmoqrRksmzqSKvgqzN0055UFWY7OKx1/9JWeRswwEVX9fCG5jcYRxa/A2DHcmZX6VJvjzHRQ2STeeVcQkrmLSw==
  dependencies:
    commander "^2.20.3"
    cssfilter "0.0.10"

yallist@^4.0.0:
  version "4.0.0"
  resolved "https://registry.yarnpkg.com/yallist/-/yallist-4.0.0.tgz#9bb92790d9c0effec63be73519e11a35019a3a72"
  integrity sha512-3wdGidZyq5PB084XLES5TpOSRA3wjXAlIWMhum2kRcv/41Sn2emQ0dycQW4uZXLejwKvg6EsvbdlVL+FYEct7A==
